github.com/gomarkdown/markdown v0.0.0-20241105142532-d03b89096d81 h1:5lyLWsV+qCkoYqsKUDuycESh9DEIPVKN6iCFeL7ag50=
github.com/gomarkdown/markdown v0.0.0-20241105142532-d03b89096d81/go.mod h1:JDGcbDT52eL4fju3sZ4TeHGsQwhG9nbDV21aMyhwPoA=
github.com/sophed/lg v0.0.0-20241122205200-8f2a792d72b1 h1:VzRPFEZpGsGwxGaomfE4AXSJBr39y2DxB6qTKtZsMGE=
github.com/sophed/lg v0.0.0-20241122205200-8f2a792d72b1/go.mod h1:Qg1tZUEex1YzGo9LQIYhAHVscQ80ANB98zAyMfVV1/U=
